
Microsoft Visual Studio Solution File, Format Version 12.00
# Visual Studio 15
VisualStudioVersion = 15.0.27004.2009
MinimumVisualStudioVersion = 10.0.40219.1
Project("{FAE04EC0-301F-11D3-BF4B-00C04F79EFBC}") = "QueeneEngine", "QueeneEngine\QueeneEngine.csproj", "{BAFD7977-A1EF-4D1B-91E8-153B4F641903}"
EndProject
Project("{2150E333-8FDC-42A3-9474-1A3956D46DE8}") = "Src", "Src", "{33732C0A-D403-4631-8304-1BD913BA948F}"
EndProject
Project("{2150E333-8FDC-42A3-9474-1A3956D46DE8}") = "Tests", "Tests", "{6D5B71DC-551D-4FD4-BE9C-80C0D0107649}"
EndProject
Project("{FAE04EC0-301F-11D3-BF4B-00C04F79EFBC}") = "QueeneEngineTests", "QueeneEngineTests\QueeneEngineTests.csproj", "{0B7B946B-8E02-4F70-B4A5-B04E05A76086}"
EndProject
Global
	GlobalSection(SolutionConfigurationPlatforms) = preSolution
		Debug|Any CPU = Debug|Any CPU
		Release|Any CPU = Release|Any CPU
	EndGlobalSection
	GlobalSection(ProjectConfigurationPlatforms) = postSolution
		{BAFD7977-A1EF-4D1B-91E8-153B4F641903}.Debug|Any CPU.ActiveCfg = Debug|Any CPU
		{BAFD7977-A1EF-4D1B-91E8-153B4F641903}.Debug|Any CPU.Build.0 = Debug|Any CPU
		{BAFD7977-A1EF-4D1B-91E8-153B4F641903}.Release|Any CPU.ActiveCfg = Release|Any CPU
		{BAFD7977-A1EF-4D1B-91E8-153B4F641903}.Release|Any CPU.Build.0 = Release|Any CPU
		{0B7B946B-8E02-4F70-B4A5-B04E05A76086}.Debug|Any CPU.ActiveCfg = Debug|Any CPU
		{0B7B946B-8E02-4F70-B4A5-B04E05A76086}.Debug|Any CPU.Build.0 = Debug|Any CPU
		{0B7B946B-8E02-4F70-B4A5-B04E05A76086}.Release|Any CPU.ActiveCfg = Release|Any CPU
		{0B7B946B-8E02-4F70-B4A5-B04E05A76086}.Release|Any CPU.Build.0 = Release|Any CPU
	EndGlobalSection
	GlobalSection(SolutionProperties) = preSolution
		HideSolutionNode = FALSE
	EndGlobalSection
	GlobalSection(NestedProjects) = preSolution
		{BAFD7977-A1EF-4D1B-91E8-153B4F641903} = {33732C0A-D403-4631-8304-1BD913BA948F}
		{0B7B946B-8E02-4F70-B4A5-B04E05A76086} = {6D5B71DC-551D-4FD4-BE9C-80C0D0107649}
	EndGlobalSection
	GlobalSection(ExtensibilityGlobals) = postSolution
		SolutionGuid = {C4B30A0B-35A7-4600-8DAC-B9EB0F0A5CAA}
	EndGlobalSection
EndGlobal
